---
hit_die: 1d8
weapon_proficiencies:
- simple
saving_throw_proficiencies:
- wisdom
- charisma
available_skills_choices: 2
available_skills:
  - arcana
  - deception
  - history
  - intimidation
  - investigation
  - nature
  - religion
spellcasting_ability: charisma
spell_list:
  cantrip:
    - eldritch_blast
    - chill_touch
    - firebolt
    - poison_spray
    - shocking_grasp
  level_1:
    - burning_hands
    - expeditious_retreat
    - find_familiar
    - magic_missile
    - thunderwave
  level_2:
    - darkness
    - misty_step
  level_3:
    - counterspell
    - fly
class_features:
  - otherworldly_patron
  - pact_magic
otherworldly_patrons:
  the_archfey:
    level_1:
      - fey_presence
  the_fiend:
    level_1:
      - dark_ones_blessing
  the_great_old_one:
    level_1:
      - awakened_mind
progression:
  level_2:
    class_features:
      - eldritch_invocations
  level_3:
    class_features:
      - pact_boon
  level_4:
    class_features:
      - ability_score_improvement
  level_5:
    class_features:
      - eldritch_invocations
proficiency_bonuses:
- 2
- 2
- 2
- 2
- 3
- 3
- 3
- 3
- 4
- 4
- 4
- 4
- 5
- 5
- 5
- 5
- 6
- 6
- 6
- 6

